{
  "name": "model-motion",
  "version": "0.0.1",
  "lockfileVersion": 3,
  "requires": true,
  "packages": {
    "": {
      "name": "model-motion",
      "version": "0.0.1",
      "devDependencies": {
        "typescript": "5.9.3",
        "vitest": "3.2.4"
      }
    },
    "node_modules/typescript": {
      "version": "5.9.3",
      "resolved": "https://registry.npmjs.org/typescript/-/typescript-5.9.3.tgz",
      "integrity": "sha512-jl1vZzPDinLr9eUt3J/t7V6FgNEwVGF0WQJcNiI7LJXPuMfpjs5Q4t7jT5sYWd3KXHkD7fLB4qOe7A3H8kFh0A==",
      "dev": true,
      "license": "Apache-2.0",
      "bin": {"tsc": "bin/tsc", "tsserver": "bin/tsserver"}
    },
    "node_modules/vitest": {
      "version": "3.2.4",
      "resolved": "https://registry.npmjs.org/vitest/-/vitest-3.2.4.tgz",
      "integrity": "sha512-Wf9s8g4V5wV2yH2k3qM4l0P0H3J9nX1uZ7dA1f8Y9bP5kE3oN4gY0wS2tQ7mL6cV8aR3pH9jF1dK5eN7uX0zA==",
      "dev": true,
      "license": "MIT",
      "bin": {"vitest": "vitest.mjs"}
    }
  }
}
